
Microsoft Visual Studio Solution File, Format Version 12.00
# Visual Studio Version 16
VisualStudioVersion = 16.0.29920.165
MinimumVisualStudioVersion = 10.0.40219.1
Project("{8BC9CEB8-8B4A-11D0-8D11-00A0C91BC942}") = "sesame", "sesame\sesame.vcxproj", "{A3D00390-1689-4E77-A5E7-481BA8585B76}"
EndProject
Global
	GlobalSection(SolutionConfigurationPlatforms) = preSolution
		Debug|ARM = Debug|ARM
		Debug|ARM64 = Debug|ARM64
		Debug|x64 = Debug|x64
		Debug|x86 = Debug|x86
		Pi-Desktop-Debug|ARM = Pi-Desktop-Debug|ARM
		Pi-Desktop-Debug|ARM64 = Pi-Desktop-Debug|ARM64
		Pi-Desktop-Debug|x64 = Pi-Desktop-Debug|x64
		Pi-Desktop-Debug|x86 = Pi-Desktop-Debug|x86
		Release|ARM = Release|ARM
		Release|ARM64 = Release|ARM64
		Release|x64 = Release|x64
		Release|x86 = Release|x86
	EndGlobalSection
	GlobalSection(ProjectConfigurationPlatforms) = postSolution
		{A3D00390-1689-4E77-A5E7-481BA8585B76}.Debug|ARM.ActiveCfg = Debug|ARM
		{A3D00390-1689-4E77-A5E7-481BA8585B76}.Debug|ARM.Build.0 = Debug|ARM
		{A3D00390-1689-4E77-A5E7-481BA8585B76}.Debug|ARM.Deploy.0 = Debug|ARM
		{A3D00390-1689-4E77-A5E7-481BA8585B76}.Debug|ARM64.ActiveCfg = Debug|ARM64
		{A3D00390-1689-4E77-A5E7-481BA8585B76}.Debug|ARM64.Build.0 = Debug|ARM64
		{A3D00390-1689-4E77-A5E7-481BA8585B76}.Debug|ARM64.Deploy.0 = Debug|ARM64
		{A3D00390-1689-4E77-A5E7-481BA8585B76}.Debug|x64.ActiveCfg = Debug|x64
		{A3D00390-1689-4E77-A5E7-481BA8585B76}.Debug|x64.Build.0 = Debug|x64
		{A3D00390-1689-4E77-A5E7-481BA8585B76}.Debug|x64.Deploy.0 = Debug|x64
		{A3D00390-1689-4E77-A5E7-481BA8585B76}.Debug|x86.ActiveCfg = Debug|x86
		{A3D00390-1689-4E77-A5E7-481BA8585B76}.Debug|x86.Build.0 = Debug|x86
		{A3D00390-1689-4E77-A5E7-481BA8585B76}.Debug|x86.Deploy.0 = Debug|x86
		{A3D00390-1689-4E77-A5E7-481BA8585B76}.Pi-Desktop-Debug|ARM.ActiveCfg = Pi-Desktop-Debug|ARM
		{A3D00390-1689-4E77-A5E7-481BA8585B76}.Pi-Desktop-Debug|ARM.Build.0 = Pi-Desktop-Debug|ARM
		{A3D00390-1689-4E77-A5E7-481BA8585B76}.Pi-Desktop-Debug|ARM.Deploy.0 = Pi-Desktop-Debug|ARM
		{A3D00390-1689-4E77-A5E7-481BA8585B76}.Pi-Desktop-Debug|ARM64.ActiveCfg = Pi-Desktop-Debug|ARM64
		{A3D00390-1689-4E77-A5E7-481BA8585B76}.Pi-Desktop-Debug|ARM64.Build.0 = Pi-Desktop-Debug|ARM64
		{A3D00390-1689-4E77-A5E7-481BA8585B76}.Pi-Desktop-Debug|ARM64.Deploy.0 = Pi-Desktop-Debug|ARM64
		{A3D00390-1689-4E77-A5E7-481BA8585B76}.Pi-Desktop-Debug|x64.ActiveCfg = Pi-Desktop-Debug|x64
		{A3D00390-1689-4E77-A5E7-481BA8585B76}.Pi-Desktop-Debug|x64.Build.0 = Pi-Desktop-Debug|x64
		{A3D00390-1689-4E77-A5E7-481BA8585B76}.Pi-Desktop-Debug|x64.Deploy.0 = Pi-Desktop-Debug|x64
		{A3D00390-1689-4E77-A5E7-481BA8585B76}.Pi-Desktop-Debug|x86.ActiveCfg = Pi-Desktop-Debug|x86
		{A3D00390-1689-4E77-A5E7-481BA8585B76}.Pi-Desktop-Debug|x86.Build.0 = Pi-Desktop-Debug|x86
		{A3D00390-1689-4E77-A5E7-481BA8585B76}.Pi-Desktop-Debug|x86.Deploy.0 = Pi-Desktop-Debug|x86
		{A3D00390-1689-4E77-A5E7-481BA8585B76}.Release|ARM.ActiveCfg = Release|ARM
		{A3D00390-1689-4E77-A5E7-481BA8585B76}.Release|ARM.Build.0 = Release|ARM
		{A3D00390-1689-4E77-A5E7-481BA8585B76}.Release|ARM.Deploy.0 = Release|ARM
		{A3D00390-1689-4E77-A5E7-481BA8585B76}.Release|ARM64.ActiveCfg = Release|ARM64
		{A3D00390-1689-4E77-A5E7-481BA8585B76}.Release|ARM64.Build.0 = Release|ARM64
		{A3D00390-1689-4E77-A5E7-481BA8585B76}.Release|ARM64.Deploy.0 = Release|ARM64
		{A3D00390-1689-4E77-A5E7-481BA8585B76}.Release|x64.ActiveCfg = Release|x64
		{A3D00390-1689-4E77-A5E7-481BA8585B76}.Release|x64.Build.0 = Release|x64
		{A3D00390-1689-4E77-A5E7-481BA8585B76}.Release|x64.Deploy.0 = Release|x64
		{A3D00390-1689-4E77-A5E7-481BA8585B76}.Release|x86.ActiveCfg = Release|x86
		{A3D00390-1689-4E77-A5E7-481BA8585B76}.Release|x86.Build.0 = Release|x86
		{A3D00390-1689-4E77-A5E7-481BA8585B76}.Release|x86.Deploy.0 = Release|x86
	EndGlobalSection
	GlobalSection(SolutionProperties) = preSolution
		HideSolutionNode = FALSE
	EndGlobalSection
	GlobalSection(ExtensibilityGlobals) = postSolution
		SolutionGuid = {54CD4C4A-F7B3-436A-A38F-A0B59C5F6007}
	EndGlobalSection
EndGlobal
